
Microsoft Visual Studio Solution File, Format Version 12.00
# Visual Studio 15
VisualStudioVersion = 15.0.27428.2005
MinimumVisualStudioVersion = 10.0.40219.1
Project("{FAE04EC0-301F-11D3-BF4B-00C04F79EFBC}") = "ToorcampShadytel.Domain", "ToorcampShadytel.Domain\ToorcampShadytel.Domain.csproj", "{A53EA489-1410-4AB6-86C8-CB9ED4C87F78}"
EndProject
Project("{FAE04EC0-301F-11D3-BF4B-00C04F79EFBC}") = "ToorcampShadytel.Cli", "ToorcampShadytel.Cli\ToorcampShadytel.Cli.csproj", "{511FA192-0A86-4B99-B733-4AE3ED94813F}"
EndProject
Global
	GlobalSection(SolutionConfigurationPlatforms) = preSolution
		Debug|Any CPU = Debug|Any CPU
		Release|Any CPU = Release|Any CPU
	EndGlobalSection
	GlobalSection(ProjectConfigurationPlatforms) = postSolution
		{A53EA489-1410-4AB6-86C8-CB9ED4C87F78}.Debug|Any CPU.ActiveCfg = Debug|Any CPU
		{A53EA489-1410-4AB6-86C8-CB9ED4C87F78}.Debug|Any CPU.Build.0 = Debug|Any CPU
		{A53EA489-1410-4AB6-86C8-CB9ED4C87F78}.Release|Any CPU.ActiveCfg = Release|Any CPU
		{A53EA489-1410-4AB6-86C8-CB9ED4C87F78}.Release|Any CPU.Build.0 = Release|Any CPU
		{511FA192-0A86-4B99-B733-4AE3ED94813F}.Debug|Any CPU.ActiveCfg = Debug|Any CPU
		{511FA192-0A86-4B99-B733-4AE3ED94813F}.Debug|Any CPU.Build.0 = Debug|Any CPU
		{511FA192-0A86-4B99-B733-4AE3ED94813F}.Release|Any CPU.ActiveCfg = Release|Any CPU
		{511FA192-0A86-4B99-B733-4AE3ED94813F}.Release|Any CPU.Build.0 = Release|Any CPU
	EndGlobalSection
	GlobalSection(SolutionProperties) = preSolution
		HideSolutionNode = FALSE
	EndGlobalSection
	GlobalSection(ExtensibilityGlobals) = postSolution
		SolutionGuid = {04C9D65F-9118-4A2B-A2FD-081CF68D4D71}
	EndGlobalSection
EndGlobal
